// !$*UTF8*$!
{
	archiveVersion = 1;
	classes = {
	};
	objectVersion = 46;
	objects = {

/* Begin PBXBuildFile section */
		3B0449881AA680A9009E1CCB /* AppDelegate.swift in Sources */ = {isa = PBXBuildFile; fileRef = 3B0449871AA680A9009E1CCB /* AppDelegate.swift */; };
		3B04498A1AA680A9009E1CCB /* ViewController.swift in Sources */ = {isa = PBXBuildFile; fileRef = 3B0449891AA680A9009E1CCB /* ViewController.swift */; };
		3B04498D1AA680A9009E1CCB /* Main.storyboard in Resources */ = {isa = PBXBuildFile; fileRef = 3B04498B1AA680A9009E1CCB /* Main.storyboard */; };
		3B04498F1AA680A9009E1CCB /* Images.xcassets in Resources */ = {isa = PBXBuildFile; fileRef = 3B04498E1AA680A9009E1CCB /* Images.xcassets */; };
		3B0449921AA680A9009E1CCB /* LaunchScreen.xib in Resources */ = {isa = PBXBuildFile; fileRef = 3B0449901AA680A9009E1CCB /* LaunchScreen.xib */; };
		3B04499E1AA680A9009E1CCB /* exampleTabBarProjTests.swift in Sources */ = {isa = PBXBuildFile; fileRef = 3B04499D1AA680A9009E1CCB /* exampleTabBarProjTests.swift */; };
		3B0449D81AA68341009E1CCB /* CalculatorViewController.swift in Sources */ = {isa = PBXBuildFile; fileRef = 3B0449D71AA68341009E1CCB /* CalculatorViewController.swift */; };
		3B0449DA1AA6834D009E1CCB /* NavigationViewController.swift in Sources */ = {isa = PBXBuildFile; fileRef = 3B0449D91AA6834D009E1CCB /* NavigationViewController.swift */; };
/* End PBXBuildFile section */

/* Begin PBXContainerItemProxy section */
		3B0449981AA680A9009E1CCB /* PBXContainerItemProxy */ = {
			isa = PBXContainerItemProxy;
			containerPortal = 3B04497A1AA680A9009E1CCB /* Project object */;
			proxyType = 1;
			remoteGlobalIDString = 3B0449811AA680A9009E1CCB;
			remoteInfo = exampleTabBarProj;
		};
/* End PBXContainerItemProxy section */

/* Begin PBXFileReference section */
		3B0449821AA680A9009E1CCB /* exampleTabBarProj.app */ = {isa = PBXFileReference; explicitFileType = wrapper.application; includeInIndex = 0; path = exampleTabBarProj.app; sourceTree = BUILT_PRODUCTS_DIR; };
		3B0449861AA680A9009E1CCB /* Info.plist */ = {isa = PBXFileReference; lastKnownFileType = text.plist.xml; path = Info.plist; sourceTree = "<group>"; };
		3B0449871AA680A9009E1CCB /* AppDelegate.swift */ = {isa = PBXFileReference; lastKnownFileType = sourcecode.swift; path = AppDelegate.swift; sourceTree = "<group>"; };
		3B0449891AA680A9009E1CCB /* ViewController.swift */ = {isa = PBXFileReference; lastKnownFileType = sourcecode.swift; path = ViewController.swift; sourceTree = "<group>"; };
		3B04498C1AA680A9009E1CCB /* Base */ = {isa = PBXFileReference; lastKnownFileType = file.storyboard; name = Base; path = Base.lproj/Main.storyboard; sourceTree = "<group>"; };
		3B04498E1AA680A9009E1CCB /* Images.xcassets */ = {isa = PBXFileReference; lastKnownFileType = folder.assetcatalog; path = Images.xcassets; sourceTree = "<group>"; };
		3B0449911AA680A9009E1CCB /* Base */ = {isa = PBXFileReference; lastKnownFileType = file.xib; name = Base; path = Base.lproj/LaunchScreen.xib; sourceTree = "<group>"; };
		3B0449971AA680A9009E1CCB /* exampleTabBarProjTests.xctest */ = {isa = PBXFileReference; explicitFileType = wrapper.cfbundle; includeInIndex = 0; path = exampleTabBarProjTests.xctest; sourceTree = BUILT_PRODUCTS_DIR; };
		3B04499C1AA680A9009E1CCB /* Info.plist */ = {isa = PBXFileReference; lastKnownFileType = text.plist.xml; path = Info.plist; sourceTree = "<group>"; };
		3B04499D1AA680A9009E1CCB /* exampleTabBarProjTests.swift */ = {isa = PBXFileReference; lastKnownFileType = sourcecode.swift; path = exampleTabBarProjTests.swift; sourceTree = "<group>"; };
		3B0449D71AA68341009E1CCB /* CalculatorViewController.swift */ = {isa = PBXFileReference; fileEncoding = 4; lastKnownFileType = sourcecode.swift; path = CalculatorViewController.swift; sourceTree = "<group>"; };
		3B0449D91AA6834D009E1CCB /* NavigationViewController.swift */ = {isa = PBXFileReference; fileEncoding = 4; lastKnownFileType = sourcecode.swift; path = NavigationViewController.swift; sourceTree = "<group>"; };
/* End PBXFileReference section */

/* Begin PBXFrameworksBuildPhase section */
		3B04497F1AA680A9009E1CCB /* Frameworks */ = {
			isa = PBXFrameworksBuildPhase;
			buildActionMask = 2147483647;
			files = (
			);
			runOnlyForDeploymentPostprocessing = 0;
		};
		3B0449941AA680A9009E1CCB /* Frameworks */ = {
			isa = PBXFrameworksBuildPhase;
			buildActionMask = 2147483647;
			files = (
			);
			runOnlyForDeploymentPostprocessing = 0;
		};
/* End PBXFrameworksBuildPhase section */

/* Begin PBXGroup section */
		3B0449791AA680A9009E1CCB = {
			isa = PBXGroup;
			children = (
				3B0449841AA680A9009E1CCB /* exampleTabBarProj */,
				3B04499A1AA680A9009E1CCB /* exampleTabBarProjTests */,
				3B0449831AA680A9009E1CCB /* Products */,
			);
			sourceTree = "<group>";
		};
		3B0449831AA680A9009E1CCB /* Products */ = {
			isa = PBXGroup;
			children = (
				3B0449821AA680A9009E1CCB /* exampleTabBarProj.app */,
				3B0449971AA680A9009E1CCB /* exampleTabBarProjTests.xctest */,
			);
			name = Products;
			sourceTree = "<group>";
		};
		3B0449841AA680A9009E1CCB /* exampleTabBarProj */ = {
			isa = PBXGroup;
			children = (
				3B0449871AA680A9009E1CCB /* AppDelegate.swift */,
				3B0449891AA680A9009E1CCB /* ViewController.swift */,
				3B0449D71AA68341009E1CCB /* CalculatorViewController.swift */,
				3B0449D91AA6834D009E1CCB /* NavigationViewController.swift */,
				3B04498B1AA680A9009E1CCB /* Main.storyboard */,
				3B04498E1AA680A9009E1CCB /* Images.xcassets */,
				3B0449901AA680A9009E1CCB /* LaunchScreen.xib */,
				3B0449851AA680A9009E1CCB /* Supporting Files */,
			);
			path = exampleTabBarProj;
			sourceTree = "<group>";
		};
		3B0449851AA680A9009E1CCB /* Supporting Files */ = {
			isa = PBXGroup;
			children = (
				3B0449861AA680A9009E1CCB /* Info.plist */,
			);
			name = "Supporting Files";
			sourceTree = "<group>";
		};
		3B04499A1AA680A9009E1CCB /* exampleTabBarProjTests */ = {
			isa = PBXGroup;
			children = (
				3B04499D1AA680A9009E1CCB /* exampleTabBarProjTests.swift */,
				3B04499B1AA680A9009E1CCB /* Supporting Files */,
			);
			path = exampleTabBarProjTests;
			sourceTree = "<group>";
		};
		3B04499B1AA680A9009E1CCB /* Supporting Files */ = {
			isa = PBXGroup;
			children = (
				3B04499C1AA680A9009E1CCB /* Info.plist */,
			);
			name = "Supporting Files";
			sourceTree = "<group>";
		};
/* End PBXGroup section */

/* Begin PBXNativeTarget section */
		3B0449811AA680A9009E1CCB /* exampleTabBarProj */ = {
			isa = PBXNativeTarget;
			buildConfigurationList = 3B0449A11AA680A9009E1CCB /* Build configuration list for PBXNativeTarget "exampleTabBarProj" */;
			buildPhases = (
				3B04497E1AA680A9009E1CCB /* Sources */,
				3B04497F1AA680A9009E1CCB /* Frameworks */,
				3B0449801AA680A9009E1CCB /* Resources */,
			);
			buildRules = (
			);
			dependencies = (
			);
			name = exampleTabBarProj;
			productName = exampleTabBarProj;
			productReference = 3B0449821AA680A9009E1CCB /* exampleTabBarProj.app */;
			productType = "com.apple.product-type.application";
		};
		3B0449961AA680A9009E1CCB /* exampleTabBarProjTests */ = {
			isa = PBXNativeTarget;
			buildConfigurationList = 3B0449A41AA680A9009E1CCB /* Build configuration list for PBXNativeTarget "exampleTabBarProjTests" */;
			buildPhases = (
				3B0449931AA680A9009E1CCB /* Sources */,
				3B0449941AA680A9009E1CCB /* Frameworks */,
				3B0449951AA680A9009E1CCB /* Resources */,
			);
			buildRules = (
			);
			dependencies = (
				3B0449991AA680A9009E1CCB /* PBXTargetDependency */,
			);
			name = exampleTabBarProjTests;
			productName = exampleTabBarProjTests;
			productReference = 3B0449971AA680A9009E1CCB /* exampleTabBarProjTests.xctest */;
			productType = "com.apple.product-type.bundle.unit-test";
		};
/* End PBXNativeTarget section */

/* Begin PBXProject section */
		3B04497A1AA680A9009E1CCB /* Project object */ = {
			isa = PBXProject;
			attributes = {
				LastUpgradeCheck = 0610;
				ORGANIZATIONNAME = "Dom Bryan";
				TargetAttributes = {
					3B0449811AA680A9009E1CCB = {
						CreatedOnToolsVersion = 6.1.1;
					};
					3B0449961AA680A9009E1CCB = {
						CreatedOnToolsVersion = 6.1.1;
						TestTargetID = 3B0449811AA680A9009E1CCB;
					};
				};
			};
			buildConfigurationList = 3B04497D1AA680A9009E1CCB /* Build configuration list for PBXProject "exampleTabBarProj" */;
			compatibilityVersion = "Xcode 3.2";
			developmentRegion = English;
			hasScannedForEncodings = 0;
			knownRegions = (
				en,
				Base,
			);
			mainGroup = 3B0449791AA680A9009E1CCB;
			productRefGroup = 3B0449831AA680A9009E1CCB /* Products */;
			projectDirPath = "";
			projectRoot = "";
			targets = (
				3B0449811AA680A9009E1CCB /* exampleTabBarProj */,
				3B0449961AA680A9009E1CCB /* exampleTabBarProjTests */,
			);
		};
/* End PBXProject section */

/* Begin PBXResourcesBuildPhase section */
		3B0449801AA680A9009E1CCB /* Resources */ = {
			isa = PBXResourcesBuildPhase;
			buildActionMask = 2147483647;
			files = (
				3B04498D1AA680A9009E1CCB /* Main.storyboard in Resources */,
				3B0449921AA680A9009E1CCB /* LaunchScreen.xib in Resources */,
				3B04498F1AA680A9009E1CCB /* Images.xcassets in Resources */,
			);
			runOnlyForDeploymentPostprocessing = 0;
		};
		3B0449951AA680A9009E1CCB /* Resources */ = {
			isa = PBXResourcesBuildPhase;
			buildActionMask = 2147483647;
			files = (
			);
			runOnlyForDeploymentPostprocessing = 0;
		};
/* End PBXResourcesBuildPhase section */

/* Begin PBXSourcesBuildPhase section */
		3B04497E1AA680A9009E1CCB /* Sources */ = {
			isa = PBXSourcesBuildPhase;
			buildActionMask = 2147483647;
			files = (
				3B0449DA1AA6834D009E1CCB /* NavigationViewController.swift in Sources */,
				3B04498A1AA680A9009E1CCB /* ViewController.swift in Sources */,
				3B0449D81AA68341009E1CCB /* CalculatorViewController.swift in Sources */,
				3B0449881AA680A9009E1CCB /* AppDelegate.swift in Sources */,
			);
			runOnlyForDeploymentPostprocessing = 0;
		};
		3B0449931AA680A9009E1CCB /* Sources */ = {
			isa = PBXSourcesBuildPhase;
			buildActionMask = 2147483647;
			files = (
				3B04499E1AA680A9009E1CCB /* exampleTabBarProjTests.swift in Sources */,
			);
			runOnlyForDeploymentPostprocessing = 0;
		};
/* End PBXSourcesBuildPhase section */

/* Begin PBXTargetDependency section */
		3B0449991AA680A9009E1CCB /* PBXTargetDependency */ = {
			isa = PBXTargetDependency;
			target = 3B0449811AA680A9009E1CCB /* exampleTabBarProj */;
			targetProxy = 3B0449981AA680A9009E1CCB /* PBXContainerItemProxy */;
		};
/* End PBXTargetDependency section */

/* Begin PBXVariantGroup section */
		3B04498B1AA680A9009E1CCB /* Main.storyboard */ = {
			isa = PBXVariantGroup;
			children = (
				3B04498C1AA680A9009E1CCB /* Base */,
			);
			name = Main.storyboard;
			sourceTree = "<group>";
		};
		3B0449901AA680A9009E1CCB /* LaunchScreen.xib */ = {
			isa = PBXVariantGroup;
			children = (
				3B0449911AA680A9009E1CCB /* Base */,
			);
			name = LaunchScreen.xib;
			sourceTree = "<group>";
		};
/* End PBXVariantGroup section */

/* Begin XCBuildConfiguration section */
		3B04499F1AA680A9009E1CCB /* Debug */ = {
			isa = XCBuildConfiguration;
			buildSettings = {
				ALWAYS_SEARCH_USER_PATHS = NO;
				CLANG_CXX_LANGUAGE_STANDARD = "gnu++0x";
				CLANG_CXX_LIBRARY = "libc++";
				CLANG_ENABLE_MODULES = YES;
				CLANG_ENABLE_OBJC_ARC = YES;
				CLANG_WARN_BOOL_CONVERSION = YES;
				CLANG_WARN_CONSTANT_CONVERSION = YES;
				CLANG_WARN_DIRECT_OBJC_ISA_USAGE = YES_ERROR;
				CLANG_WARN_EMPTY_BODY = YES;
				CLANG_WARN_ENUM_CONVERSION = YES;
				CLANG_WARN_INT_CONVERSION = YES;
				CLANG_WARN_OBJC_ROOT_CLASS = YES_ERROR;
				CLANG_WARN_UNREACHABLE_CODE = YES;
				CLANG_WARN__DUPLICATE_METHOD_MATCH = YES;
				"CODE_SIGN_IDENTITY[sdk=iphoneos*]" = "iPhone Developer";
				COPY_PHASE_STRIP = NO;
				ENABLE_STRICT_OBJC_MSGSEND = YES;
				GCC_C_LANGUAGE_STANDARD = gnu99;
				GCC_DYNAMIC_NO_PIC = NO;
				GCC_OPTIMIZATION_LEVEL = 0;
				GCC_PREPROCESSOR_DEFINITIONS = (
					"DEBUG=1",
					"$(inherited)",
				);
				GCC_SYMBOLS_PRIVATE_EXTERN = NO;
				GCC_WARN_64_TO_32_BIT_CONVERSION = YES;
				GCC_WARN_ABOUT_RETURN_TYPE = YES_ERROR;
				GCC_WARN_UNDECLARED_SELECTOR = YES;
				GCC_WARN_UNINITIALIZED_AUTOS = YES_AGGRESSIVE;
				GCC_WARN_UNUSED_FUNCTION = YES;
				GCC_WARN_UNUSED_VARIABLE = YES;
				IPHONEOS_DEPLOYMENT_TARGET = 8.1;
				MTL_ENABLE_DEBUG_INFO = YES;
				ONLY_ACTIVE_ARCH = YES;
				SDKROOT = iphoneos;
				SWIFT_OPTIMIZATION_LEVEL = "-Onone";
				TARGETED_DEVICE_FAMILY = "1,2";
			};
			name = Debug;
		};
		3B0449A01AA680A9009E1CCB /* Release */ = {
			isa = XCBuildConfiguration;
			buildSettings = {
				ALWAYS_SEARCH_USER_PATHS = NO;
				CLANG_CXX_LANGUAGE_STANDARD = "gnu++0x";
				CLANG_CXX_LIBRARY = "libc++";
				CLANG_ENABLE_MODULES = YES;
				CLANG_ENABLE_OBJC_ARC = YES;
				CLANG_WARN_BOOL_CONVERSION = YES;
				CLANG_WARN_CONSTANT_CONVERSION = YES;
				CLANG_WARN_DIRECT_OBJC_ISA_USAGE = YES_ERROR;
				CLANG_WARN_EMPTY_BODY = YES;
				CLANG_WARN_ENUM_CONVERSION = YES;
				CLANG_WARN_INT_CONVERSION = YES;
				CLANG_WARN_OBJC_ROOT_CLASS = YES_ERROR;
				CLANG_WARN_UNREACHABLE_CODE = YES;
				CLANG_WARN__DUPLICATE_METHOD_MATCH = YES;
				"CODE_SIGN_IDENTITY[sdk=iphoneos*]" = "iPhone Developer";
				COPY_PHASE_STRIP = YES;
				ENABLE_NS_ASSERTIONS = NO;
				ENABLE_STRICT_OBJC_MSGSEND = YES;
				GCC_C_LANGUAGE_STANDARD = gnu99;
				GCC_WARN_64_TO_32_BIT_CONVERSION = YES;
				GCC_WARN_ABOUT_RETURN_TYPE = YES_ERROR;
				GCC_WARN_UNDECLARED_SELECTOR = YES;
				GCC_WARN_UNINITIALIZED_AUTOS = YES_AGGRESSIVE;
				GCC_WARN_UNUSED_FUNCTION = YES;
				GCC_WARN_UNUSED_VARIABLE = YES;
				IPHONEOS_DEPLOYMENT_TARGET = 8.1;
				MTL_ENABLE_DEBUG_INFO = NO;
				SDKROOT = iphoneos;
				TARGETED_DEVICE_FAMILY = "1,2";
				VALIDATE_PRODUCT = YES;
			};
			name = Release;
		};
		3B0449A21AA680A9009E1CCB /* Debug */ = {
			isa = XCBuildConfiguration;
			buildSettings = {
				ASSETCATALOG_COMPILER_APPICON_NAME = AppIcon;
				INFOPLIST_FILE = exampleTabBarProj/Info.plist;
				LD_RUNPATH_SEARCH_PATHS = "$(inherited) @executable_path/Frameworks";
				PRODUCT_NAME = "$(TARGET_NAME)";
			};
			name = Debug;
		};
		3B0449A31AA680A9009E1CCB /* Release */ = {
			isa = XCBuildConfiguration;
			buildSettings = {
				ASSETCATALOG_COMPILER_APPICON_NAME = AppIcon;
				INFOPLIST_FILE = exampleTabBarProj/Info.plist;
				LD_RUNPATH_SEARCH_PATHS = "$(inherited) @executable_path/Frameworks";
				PRODUCT_NAME = "$(TARGET_NAME)";
			};
			name = Release;
		};
		3B0449A51AA680A9009E1CCB /* Debug */ = {
			isa = XCBuildConfiguration;
			buildSettings = {
				BUNDLE_LOADER = "$(TEST_HOST)";
				FRAMEWORK_SEARCH_PATHS = (
					"$(SDKROOT)/Developer/Library/Frameworks",
					"$(inherited)",
				);
				GCC_PREPROCESSOR_DEFINITIONS = (
					"DEBUG=1",
					"$(inherited)",
				);
				INFOPLIST_FILE = exampleTabBarProjTests/Info.plist;
				LD_RUNPATH_SEARCH_PATHS = "$(inherited) @executable_path/Frameworks @loader_path/Frameworks";
				PRODUCT_NAME = "$(TARGET_NAME)";
				TEST_HOST = "$(BUILT_PRODUCTS_DIR)/exampleTabBarProj.app/exampleTabBarProj";
			};
			name = Debug;
		};
		3B0449A61AA680A9009E1CCB /* Release */ = {
			isa = XCBuildConfiguration;
			buildSettings = {
				BUNDLE_LOADER = "$(TEST_HOST)";
				FRAMEWORK_SEARCH_PATHS = (
					"$(SDKROOT)/Developer/Library/Frameworks",
					"$(inherited)",
				);
				INFOPLIST_FILE = exampleTabBarProjTests/Info.plist;
				LD_RUNPATH_SEARCH_PATHS = "$(inherited) @executable_path/Frameworks @loader_path/Frameworks";
				PRODUCT_NAME = "$(TARGET_NAME)";
				TEST_HOST = "$(BUILT_PRODUCTS_DIR)/exampleTabBarProj.app/exampleTabBarProj";
			};
			name = Release;
		};
/* End XCBuildConfiguration section */

/* Begin XCConfigurationList section */
		3B04497D1AA680A9009E1CCB /* Build configuration list for PBXProject "exampleTabBarProj" */ = {
			isa = XCConfigurationList;
			buildConfigurations = (
				3B04499F1AA680A9009E1CCB /* Debug */,
				3B0449A01AA680A9009E1CCB /* Release */,
			);
			defaultConfigurationIsVisible = 0;
			defaultConfigurationName = Release;
		};
		3B0449A11AA680A9009E1CCB /* Build configuration list for PBXNativeTarget "exampleTabBarProj" */ = {
			isa = XCConfigurationList;
			buildConfigurations = (
				3B0449A21AA680A9009E1CCB /* Debug */,
				3B0449A31AA680A9009E1CCB /* Release */,
			);
			defaultConfigurationIsVisible = 0;
		};
		3B0449A41AA680A9009E1CCB /* Build configuration list for PBXNativeTarget "exampleTabBarProjTests" */ = {
			isa = XCConfigurationList;
			buildConfigurations = (
				3B0449A51AA680A9009E1CCB /* Debug */,
				3B0449A61AA680A9009E1CCB /* Release */,
			);
			defaultConfigurationIsVisible = 0;
		};
/* End XCConfigurationList section */
	};
	rootObject = 3B04497A1AA680A9009E1CCB /* Project object */;
}
